
Microsoft Visual Studio Solution File, Format Version 12.00
# Visual Studio Version 17
VisualStudioVersion = 17.4.33213.308
MinimumVisualStudioVersion = 10.0.40219.1
Project("{8BC9CEB8-8B4A-11D0-8D11-00A0C91BC942}") = "lab1_prob2", "lab1_prob2.vcxproj", "{2F9B1A50-D3D9-44AB-81FD-78F6562EEE88}"
EndProject
Global
	GlobalSection(SolutionConfigurationPlatforms) = preSolution
		Debug|x64 = Debug|x64
		Debug|x86 = Debug|x86
		Release|x64 = Release|x64
		Release|x86 = Release|x86
	EndGlobalSection
	GlobalSection(ProjectConfigurationPlatforms) = postSolution
		{2F9B1A50-D3D9-44AB-81FD-78F6562EEE88}.Debug|x64.ActiveCfg = Debug|x64
		{2F9B1A50-D3D9-44AB-81FD-78F6562EEE88}.Debug|x64.Build.0 = Debug|x64
		{2F9B1A50-D3D9-44AB-81FD-78F6562EEE88}.Debug|x86.ActiveCfg = Debug|Win32
		{2F9B1A50-D3D9-44AB-81FD-78F6562EEE88}.Debug|x86.Build.0 = Debug|Win32
		{2F9B1A50-D3D9-44AB-81FD-78F6562EEE88}.Release|x64.ActiveCfg = Release|x64
		{2F9B1A50-D3D9-44AB-81FD-78F6562EEE88}.Release|x64.Build.0 = Release|x64
		{2F9B1A50-D3D9-44AB-81FD-78F6562EEE88}.Release|x86.ActiveCfg = Release|Win32
		{2F9B1A50-D3D9-44AB-81FD-78F6562EEE88}.Release|x86.Build.0 = Release|Win32
	EndGlobalSection
	GlobalSection(SolutionProperties) = preSolution
		HideSolutionNode = FALSE
	EndGlobalSection
	GlobalSection(ExtensibilityGlobals) = postSolution
		SolutionGuid = {2A6C7E68-8DB9-4781-A20D-952387A0FB7E}
	EndGlobalSection
EndGlobal
